
Microsoft Visual Studio Solution File, Format Version 12.00
# Visual Studio 15
VisualStudioVersion = 15.0.28307.1500
MinimumVisualStudioVersion = 10.0.40219.1
Project("{888888A0-9F3D-457C-B088-3A5042F75D52}") = "AOC_15", "AOC_15\AOC_15.pyproj", "{A64433FF-A16F-4568-978F-39335D1EAB92}"
EndProject
Global
	GlobalSection(SolutionConfigurationPlatforms) = preSolution
		Debug|Any CPU = Debug|Any CPU
		Release|Any CPU = Release|Any CPU
	EndGlobalSection
	GlobalSection(ProjectConfigurationPlatforms) = postSolution
		{A64433FF-A16F-4568-978F-39335D1EAB92}.Debug|Any CPU.ActiveCfg = Debug|Any CPU
		{A64433FF-A16F-4568-978F-39335D1EAB92}.Release|Any CPU.ActiveCfg = Release|Any CPU
	EndGlobalSection
	GlobalSection(SolutionProperties) = preSolution
		HideSolutionNode = FALSE
	EndGlobalSection
	GlobalSection(ExtensibilityGlobals) = postSolution
		SolutionGuid = {BED9AD42-2223-4B18-8EC4-CE0277D209C0}
	EndGlobalSection
EndGlobal
