
Microsoft Visual Studio Solution File, Format Version 12.00
# Visual Studio 15
VisualStudioVersion = 15.0.28307.1500
MinimumVisualStudioVersion = 10.0.40219.1
Project("{888888A0-9F3D-457C-B088-3A5042F75D52}") = "AOC_16", "AOC_16\AOC_16.pyproj", "{DF6AAF9D-3E5E-49BE-98ED-4EEE7A16D38D}"
EndProject
Global
	GlobalSection(SolutionConfigurationPlatforms) = preSolution
		Debug|Any CPU = Debug|Any CPU
		Release|Any CPU = Release|Any CPU
	EndGlobalSection
	GlobalSection(ProjectConfigurationPlatforms) = postSolution
		{DF6AAF9D-3E5E-49BE-98ED-4EEE7A16D38D}.Debug|Any CPU.ActiveCfg = Debug|Any CPU
		{DF6AAF9D-3E5E-49BE-98ED-4EEE7A16D38D}.Release|Any CPU.ActiveCfg = Release|Any CPU
	EndGlobalSection
	GlobalSection(SolutionProperties) = preSolution
		HideSolutionNode = FALSE
	EndGlobalSection
	GlobalSection(ExtensibilityGlobals) = postSolution
		SolutionGuid = {182F89CC-D8FA-455F-97C9-AED94FBB2D5F}
	EndGlobalSection
EndGlobal
