
Microsoft Visual Studio Solution File, Format Version 12.00
# Visual Studio 15
VisualStudioVersion = 15.0.28307.1500
MinimumVisualStudioVersion = 10.0.40219.1
Project("{888888A0-9F3D-457C-B088-3A5042F75D52}") = "AOC_12", "AOC_12\AOC_12.pyproj", "{2334C481-EAD2-4E41-A212-3F20BF31631A}"
EndProject
Global
	GlobalSection(SolutionConfigurationPlatforms) = preSolution
		Debug|Any CPU = Debug|Any CPU
		Release|Any CPU = Release|Any CPU
	EndGlobalSection
	GlobalSection(ProjectConfigurationPlatforms) = postSolution
		{2334C481-EAD2-4E41-A212-3F20BF31631A}.Debug|Any CPU.ActiveCfg = Debug|Any CPU
		{2334C481-EAD2-4E41-A212-3F20BF31631A}.Release|Any CPU.ActiveCfg = Release|Any CPU
	EndGlobalSection
	GlobalSection(SolutionProperties) = preSolution
		HideSolutionNode = FALSE
	EndGlobalSection
	GlobalSection(ExtensibilityGlobals) = postSolution
		SolutionGuid = {D752EB2A-F203-4303-B8CC-B7C3DC07D49E}
	EndGlobalSection
EndGlobal
